{
  "name": "Wallet",
  "lockfileVersion": 3,
  "requires": true,
  "packages": {
    "": {
      "dependencies": {
        "easemob-websdk": "^4.9.2"
      }
    },
    "node_modules/easemob-websdk": {
      "version": "4.9.2",
      "resolved": "https://registry.npmmirror.com/easemob-websdk/-/easemob-websdk-4.9.2.tgz",
      "integrity": "sha512-M74ew9vBbmLUBVnKYxpTIVKskWj3omYDI8yPMolNap0DNTyarpuao0DTp/BHqSLJB1Z4MroLEbSIL7iDF7sMcQ=="
    }
  }
}
